
Microsoft Visual Studio Solution File, Format Version 12.00
# Visual Studio 15
VisualStudioVersion = 15.0.26430.6
MinimumVisualStudioVersion = 10.0.40219.1
Project("{FAE04EC0-301F-11D3-BF4B-00C04F79EFBC}") = "SocialLoginMaratona.Android", "SocialLoginMaratona\SocialLoginMaratona.Android\SocialLoginMaratona.Android.csproj", "{45F687E0-52E2-4B5B-AFC8-F988A090168E}"
EndProject
Project("{FAE04EC0-301F-11D3-BF4B-00C04F79EFBC}") = "SocialLoginMaratona", "SocialLoginMaratona\SocialLoginMaratona\SocialLoginMaratona.csproj", "{5CE97670-5CF3-41EB-BB1A-9C7DBD8403FB}"
EndProject
Project("{FAE04EC0-301F-11D3-BF4B-00C04F79EFBC}") = "SocialLoginMaratona.UWP", "SocialLoginMaratona\SocialLoginMaratona.UWP\SocialLoginMaratona.UWP.csproj", "{53575829-A4D6-4ABE-9023-67FB586DA902}"
EndProject
Project("{FAE04EC0-301F-11D3-BF4B-00C04F79EFBC}") = "SocialLoginMaratona.iOS", "SocialLoginMaratona\SocialLoginMaratona.iOS\SocialLoginMaratona.iOS.csproj", "{6BDB7556-298B-4A4D-B2AF-824F648243DC}"
EndProject
Global
	GlobalSection(SolutionConfigurationPlatforms) = preSolution
		Ad-Hoc|Any CPU = Ad-Hoc|Any CPU
		Ad-Hoc|ARM = Ad-Hoc|ARM
		Ad-Hoc|iPhone = Ad-Hoc|iPhone
		Ad-Hoc|iPhoneSimulator = Ad-Hoc|iPhoneSimulator
		Ad-Hoc|x64 = Ad-Hoc|x64
		Ad-Hoc|x86 = Ad-Hoc|x86
		AppStore|Any CPU = AppStore|Any CPU
		AppStore|ARM = AppStore|ARM
		AppStore|iPhone = AppStore|iPhone
		AppStore|iPhoneSimulator = AppStore|iPhoneSimulator
		AppStore|x64 = AppStore|x64
		AppStore|x86 = AppStore|x86
		Debug|Any CPU = Debug|Any CPU
		Debug|ARM = Debug|ARM
		Debug|iPhone = Debug|iPhone
		Debug|iPhoneSimulator = Debug|iPhoneSimulator
		Debug|x64 = Debug|x64
		Debug|x86 = Debug|x86
		Release|Any CPU = Release|Any CPU
		Release|ARM = Release|ARM
		Release|iPhone = Release|iPhone
		Release|iPhoneSimulator = Release|iPhoneSimulator
		Release|x64 = Release|x64
		Release|x86 = Release|x86
	EndGlobalSection
	GlobalSection(ProjectConfigurationPlatforms) = postSolution
		{45F687E0-52E2-4B5B-AFC8-F988A090168E}.Ad-Hoc|Any CPU.ActiveCfg = Release|Any CPU
		{45F687E0-52E2-4B5B-AFC8-F988A090168E}.Ad-Hoc|Any CPU.Build.0 = Release|Any CPU
		{45F687E0-52E2-4B5B-AFC8-F988A090168E}.Ad-Hoc|Any CPU.Deploy.0 = Release|Any CPU
		{45F687E0-52E2-4B5B-AFC8-F988A090168E}.Ad-Hoc|ARM.ActiveCfg = Release|Any CPU
		{45F687E0-52E2-4B5B-AFC8-F988A090168E}.Ad-Hoc|ARM.Build.0 = Release|Any CPU
		{45F687E0-52E2-4B5B-AFC8-F988A090168E}.Ad-Hoc|ARM.Deploy.0 = Release|Any CPU
		{45F687E0-52E2-4B5B-AFC8-F988A090168E}.Ad-Hoc|iPhone.ActiveCfg = Release|Any CPU
		{45F687E0-52E2-4B5B-AFC8-F988A090168E}.Ad-Hoc|iPhone.Build.0 = Release|Any CPU
		{45F687E0-52E2-4B5B-AFC8-F988A090168E}.Ad-Hoc|iPhone.Deploy.0 = Release|Any CPU
		{45F687E0-52E2-4B5B-AFC8-F988A090168E}.Ad-Hoc|iPhoneSimulator.ActiveCfg = Release|Any CPU
		{45F687E0-52E2-4B5B-AFC8-F988A090168E}.Ad-Hoc|iPhoneSimulator.Build.0 = Release|Any CPU
		{45F687E0-52E2-4B5B-AFC8-F988A090168E}.Ad-Hoc|iPhoneSimulator.Deploy.0 = Release|Any CPU
		{45F687E0-52E2-4B5B-AFC8-F988A090168E}.Ad-Hoc|x64.ActiveCfg = Release|Any CPU
		{45F687E0-52E2-4B5B-AFC8-F988A090168E}.Ad-Hoc|x64.Build.0 = Release|Any CPU
		{45F687E0-52E2-4B5B-AFC8-F988A090168E}.Ad-Hoc|x64.Deploy.0 = Release|Any CPU
		{45F687E0-52E2-4B5B-AFC8-F988A090168E}.Ad-Hoc|x86.ActiveCfg = Release|Any CPU
		{45F687E0-52E2-4B5B-AFC8-F988A090168E}.Ad-Hoc|x86.Build.0 = Release|Any CPU
		{45F687E0-52E2-4B5B-AFC8-F988A090168E}.Ad-Hoc|x86.Deploy.0 = Release|Any CPU
		{45F687E0-52E2-4B5B-AFC8-F988A090168E}.AppStore|Any CPU.ActiveCfg = Release|Any CPU
		{45F687E0-52E2-4B5B-AFC8-F988A090168E}.AppStore|Any CPU.Build.0 = Release|Any CPU
		{45F687E0-52E2-4B5B-AFC8-F988A090168E}.AppStore|Any CPU.Deploy.0 = Release|Any CPU
		{45F687E0-52E2-4B5B-AFC8-F988A090168E}.AppStore|ARM.ActiveCfg = Release|Any CPU
		{45F687E0-52E2-4B5B-AFC8-F988A090168E}.AppStore|ARM.Build.0 = Release|Any CPU
		{45F687E0-52E2-4B5B-AFC8-F988A090168E}.AppStore|ARM.Deploy.0 = Release|Any CPU
		{45F687E0-52E2-4B5B-AFC8-F988A090168E}.AppStore|iPhone.ActiveCfg = Release|Any CPU
		{45F687E0-52E2-4B5B-AFC8-F988A090168E}.AppStore|iPhone.Build.0 = Release|Any CPU
		{45F687E0-52E2-4B5B-AFC8-F988A090168E}.AppStore|iPhone.Deploy.0 = Release|Any CPU
		{45F687E0-52E2-4B5B-AFC8-F988A090168E}.AppStore|iPhoneSimulator.ActiveCfg = Release|Any CPU
		{45F687E0-52E2-4B5B-AFC8-F988A090168E}.AppStore|iPhoneSimulator.Build.0 = Release|Any CPU
		{45F687E0-52E2-4B5B-AFC8-F988A090168E}.AppStore|iPhoneSimulator.Deploy.0 = Release|Any CPU
		{45F687E0-52E2-4B5B-AFC8-F988A090168E}.AppStore|x64.ActiveCfg = Release|Any CPU
		{45F687E0-52E2-4B5B-AFC8-F988A090168E}.AppStore|x64.Build.0 = Release|Any CPU
		{45F687E0-52E2-4B5B-AFC8-F988A090168E}.AppStore|x64.Deploy.0 = Release|Any CPU
		{45F687E0-52E2-4B5B-AFC8-F988A090168E}.AppStore|x86.ActiveCfg = Release|Any CPU
		{45F687E0-52E2-4B5B-AFC8-F988A090168E}.AppStore|x86.Build.0 = Release|Any CPU
		{45F687E0-52E2-4B5B-AFC8-F988A090168E}.AppStore|x86.Deploy.0 = Release|Any CPU
		{45F687E0-52E2-4B5B-AFC8-F988A090168E}.Debug|Any CPU.ActiveCfg = Debug|Any CPU
		{45F687E0-52E2-4B5B-AFC8-F988A090168E}.Debug|Any CPU.Build.0 = Debug|Any CPU
		{45F687E0-52E2-4B5B-AFC8-F988A090168E}.Debug|Any CPU.Deploy.0 = Debug|Any CPU
		{45F687E0-52E2-4B5B-AFC8-F988A090168E}.Debug|ARM.ActiveCfg = Debug|Any CPU
		{45F687E0-52E2-4B5B-AFC8-F988A090168E}.Debug|ARM.Build.0 = Debug|Any CPU
		{45F687E0-52E2-4B5B-AFC8-F988A090168E}.Debug|ARM.Deploy.0 = Debug|Any CPU
		{45F687E0-52E2-4B5B-AFC8-F988A090168E}.Debug|iPhone.ActiveCfg = Debug|Any CPU
		{45F687E0-52E2-4B5B-AFC8-F988A090168E}.Debug|iPhone.Build.0 = Debug|Any CPU
		{45F687E0-52E2-4B5B-AFC8-F988A090168E}.Debug|iPhone.Deploy.0 = Debug|Any CPU
		{45F687E0-52E2-4B5B-AFC8-F988A090168E}.Debug|iPhoneSimulator.ActiveCfg = Debug|Any CPU
		{45F687E0-52E2-4B5B-AFC8-F988A090168E}.Debug|iPhoneSimulator.Build.0 = Debug|Any CPU
		{45F687E0-52E2-4B5B-AFC8-F988A090168E}.Debug|iPhoneSimulator.Deploy.0 = Debug|Any CPU
		{45F687E0-52E2-4B5B-AFC8-F988A090168E}.Debug|x64.ActiveCfg = Debug|Any CPU
		{45F687E0-52E2-4B5B-AFC8-F988A090168E}.Debug|x64.Build.0 = Debug|Any CPU
		{45F687E0-52E2-4B5B-AFC8-F988A090168E}.Debug|x64.Deploy.0 = Debug|Any CPU
		{45F687E0-52E2-4B5B-AFC8-F988A090168E}.Debug|x86.ActiveCfg = Debug|Any CPU
		{45F687E0-52E2-4B5B-AFC8-F988A090168E}.Debug|x86.Build.0 = Debug|Any CPU
		{45F687E0-52E2-4B5B-AFC8-F988A090168E}.Debug|x86.Deploy.0 = Debug|Any CPU
		{45F687E0-52E2-4B5B-AFC8-F988A090168E}.Release|Any CPU.ActiveCfg = Release|Any CPU
		{45F687E0-52E2-4B5B-AFC8-F988A090168E}.Release|Any CPU.Build.0 = Release|Any CPU
		{45F687E0-52E2-4B5B-AFC8-F988A090168E}.Release|Any CPU.Deploy.0 = Release|Any CPU
		{45F687E0-52E2-4B5B-AFC8-F988A090168E}.Release|ARM.ActiveCfg = Release|Any CPU
		{45F687E0-52E2-4B5B-AFC8-F988A090168E}.Release|ARM.Build.0 = Release|Any CPU
		{45F687E0-52E2-4B5B-AFC8-F988A090168E}.Release|ARM.Deploy.0 = Release|Any CPU
		{45F687E0-52E2-4B5B-AFC8-F988A090168E}.Release|iPhone.ActiveCfg = Release|Any CPU
		{45F687E0-52E2-4B5B-AFC8-F988A090168E}.Release|iPhone.Build.0 = Release|Any CPU
		{45F687E0-52E2-4B5B-AFC8-F988A090168E}.Release|iPhone.Deploy.0 = Release|Any CPU
		{45F687E0-52E2-4B5B-AFC8-F988A090168E}.Release|iPhoneSimulator.ActiveCfg = Release|Any CPU
		{45F687E0-52E2-4B5B-AFC8-F988A090168E}.Release|iPhoneSimulator.Build.0 = Release|Any CPU
		{45F687E0-52E2-4B5B-AFC8-F988A090168E}.Release|iPhoneSimulator.Deploy.0 = Release|Any CPU
		{45F687E0-52E2-4B5B-AFC8-F988A090168E}.Release|x64.ActiveCfg = Release|Any CPU
		{45F687E0-52E2-4B5B-AFC8-F988A090168E}.Release|x64.Build.0 = Release|Any CPU
		{45F687E0-52E2-4B5B-AFC8-F988A090168E}.Release|x64.Deploy.0 = Release|Any CPU
		{45F687E0-52E2-4B5B-AFC8-F988A090168E}.Release|x86.ActiveCfg = Release|Any CPU
		{45F687E0-52E2-4B5B-AFC8-F988A090168E}.Release|x86.Build.0 = Release|Any CPU
		{45F687E0-52E2-4B5B-AFC8-F988A090168E}.Release|x86.Deploy.0 = Release|Any CPU
		{5CE97670-5CF3-41EB-BB1A-9C7DBD8403FB}.Ad-Hoc|Any CPU.ActiveCfg = Release|Any CPU
		{5CE97670-5CF3-41EB-BB1A-9C7DBD8403FB}.Ad-Hoc|Any CPU.Build.0 = Release|Any CPU
		{5CE97670-5CF3-41EB-BB1A-9C7DBD8403FB}.Ad-Hoc|ARM.ActiveCfg = Release|Any CPU
		{5CE97670-5CF3-41EB-BB1A-9C7DBD8403FB}.Ad-Hoc|ARM.Build.0 = Release|Any CPU
		{5CE97670-5CF3-41EB-BB1A-9C7DBD8403FB}.Ad-Hoc|iPhone.ActiveCfg = Release|Any CPU
		{5CE97670-5CF3-41EB-BB1A-9C7DBD8403FB}.Ad-Hoc|iPhone.Build.0 = Release|Any CPU
		{5CE97670-5CF3-41EB-BB1A-9C7DBD8403FB}.Ad-Hoc|iPhoneSimulator.ActiveCfg = Release|Any CPU
		{5CE97670-5CF3-41EB-BB1A-9C7DBD8403FB}.Ad-Hoc|iPhoneSimulator.Build.0 = Release|Any CPU
		{5CE97670-5CF3-41EB-BB1A-9C7DBD8403FB}.Ad-Hoc|x64.ActiveCfg = Release|Any CPU
		{5CE97670-5CF3-41EB-BB1A-9C7DBD8403FB}.Ad-Hoc|x64.Build.0 = Release|Any CPU
		{5CE97670-5CF3-41EB-BB1A-9C7DBD8403FB}.Ad-Hoc|x86.ActiveCfg = Release|Any CPU
		{5CE97670-5CF3-41EB-BB1A-9C7DBD8403FB}.Ad-Hoc|x86.Build.0 = Release|Any CPU
		{5CE97670-5CF3-41EB-BB1A-9C7DBD8403FB}.AppStore|Any CPU.ActiveCfg = Release|Any CPU
		{5CE97670-5CF3-41EB-BB1A-9C7DBD8403FB}.AppStore|Any CPU.Build.0 = Release|Any CPU
		{5CE97670-5CF3-41EB-BB1A-9C7DBD8403FB}.AppStore|ARM.ActiveCfg = Release|Any CPU
		{5CE97670-5CF3-41EB-BB1A-9C7DBD8403FB}.AppStore|ARM.Build.0 = Release|Any CPU
		{5CE97670-5CF3-41EB-BB1A-9C7DBD8403FB}.AppStore|iPhone.ActiveCfg = Release|Any CPU
		{5CE97670-5CF3-41EB-BB1A-9C7DBD8403FB}.AppStore|iPhone.Build.0 = Release|Any CPU
		{5CE97670-5CF3-41EB-BB1A-9C7DBD8403FB}.AppStore|iPhoneSimulator.ActiveCfg = Release|Any CPU
		{5CE97670-5CF3-41EB-BB1A-9C7DBD8403FB}.AppStore|iPhoneSimulator.Build.0 = Release|Any CPU
		{5CE97670-5CF3-41EB-BB1A-9C7DBD8403FB}.AppStore|x64.ActiveCfg = Release|Any CPU
		{5CE97670-5CF3-41EB-BB1A-9C7DBD8403FB}.AppStore|x64.Build.0 = Release|Any CPU
		{5CE97670-5CF3-41EB-BB1A-9C7DBD8403FB}.AppStore|x86.ActiveCfg = Release|Any CPU
		{5CE97670-5CF3-41EB-BB1A-9C7DBD8403FB}.AppStore|x86.Build.0 = Release|Any CPU
		{5CE97670-5CF3-41EB-BB1A-9C7DBD8403FB}.Debug|Any CPU.ActiveCfg = Debug|Any CPU
		{5CE97670-5CF3-41EB-BB1A-9C7DBD8403FB}.Debug|Any CPU.Build.0 = Debug|Any CPU
		{5CE97670-5CF3-41EB-BB1A-9C7DBD8403FB}.Debug|ARM.ActiveCfg = Debug|Any CPU
		{5CE97670-5CF3-41EB-BB1A-9C7DBD8403FB}.Debug|ARM.Build.0 = Debug|Any CPU
		{5CE97670-5CF3-41EB-BB1A-9C7DBD8403FB}.Debug|iPhone.ActiveCfg = Debug|Any CPU
		{5CE97670-5CF3-41EB-BB1A-9C7DBD8403FB}.Debug|iPhone.Build.0 = Debug|Any CPU
		{5CE97670-5CF3-41EB-BB1A-9C7DBD8403FB}.Debug|iPhoneSimulator.ActiveCfg = Debug|Any CPU
		{5CE97670-5CF3-41EB-BB1A-9C7DBD8403FB}.Debug|iPhoneSimulator.Build.0 = Debug|Any CPU
		{5CE97670-5CF3-41EB-BB1A-9C7DBD8403FB}.Debug|x64.ActiveCfg = Debug|Any CPU
		{5CE97670-5CF3-41EB-BB1A-9C7DBD8403FB}.Debug|x64.Build.0 = Debug|Any CPU
		{5CE97670-5CF3-41EB-BB1A-9C7DBD8403FB}.Debug|x86.ActiveCfg = Debug|Any CPU
		{5CE97670-5CF3-41EB-BB1A-9C7DBD8403FB}.Debug|x86.Build.0 = Debug|Any CPU
		{5CE97670-5CF3-41EB-BB1A-9C7DBD8403FB}.Release|Any CPU.ActiveCfg = Release|Any CPU
		{5CE97670-5CF3-41EB-BB1A-9C7DBD8403FB}.Release|Any CPU.Build.0 = Release|Any CPU
		{5CE97670-5CF3-41EB-BB1A-9C7DBD8403FB}.Release|ARM.ActiveCfg = Release|Any CPU
		{5CE97670-5CF3-41EB-BB1A-9C7DBD8403FB}.Release|ARM.Build.0 = Release|Any CPU
		{5CE97670-5CF3-41EB-BB1A-9C7DBD8403FB}.Release|iPhone.ActiveCfg = Release|Any CPU
		{5CE97670-5CF3-41EB-BB1A-9C7DBD8403FB}.Release|iPhone.Build.0 = Release|Any CPU
		{5CE97670-5CF3-41EB-BB1A-9C7DBD8403FB}.Release|iPhoneSimulator.ActiveCfg = Release|Any CPU
		{5CE97670-5CF3-41EB-BB1A-9C7DBD8403FB}.Release|iPhoneSimulator.Build.0 = Release|Any CPU
		{5CE97670-5CF3-41EB-BB1A-9C7DBD8403FB}.Release|x64.ActiveCfg = Release|Any CPU
		{5CE97670-5CF3-41EB-BB1A-9C7DBD8403FB}.Release|x64.Build.0 = Release|Any CPU
		{5CE97670-5CF3-41EB-BB1A-9C7DBD8403FB}.Release|x86.ActiveCfg = Release|Any CPU
		{5CE97670-5CF3-41EB-BB1A-9C7DBD8403FB}.Release|x86.Build.0 = Release|Any CPU
		{53575829-A4D6-4ABE-9023-67FB586DA902}.Ad-Hoc|Any CPU.ActiveCfg = Release|x86
		{53575829-A4D6-4ABE-9023-67FB586DA902}.Ad-Hoc|Any CPU.Build.0 = Release|x86
		{53575829-A4D6-4ABE-9023-67FB586DA902}.Ad-Hoc|Any CPU.Deploy.0 = Release|x86
		{53575829-A4D6-4ABE-9023-67FB586DA902}.Ad-Hoc|ARM.ActiveCfg = Release|ARM
		{53575829-A4D6-4ABE-9023-67FB586DA902}.Ad-Hoc|ARM.Build.0 = Release|ARM
		{53575829-A4D6-4ABE-9023-67FB586DA902}.Ad-Hoc|ARM.Deploy.0 = Release|ARM
		{53575829-A4D6-4ABE-9023-67FB586DA902}.Ad-Hoc|iPhone.ActiveCfg = Release|x86
		{53575829-A4D6-4ABE-9023-67FB586DA902}.Ad-Hoc|iPhone.Build.0 = Release|x86
		{53575829-A4D6-4ABE-9023-67FB586DA902}.Ad-Hoc|iPhone.Deploy.0 = Release|x86
		{53575829-A4D6-4ABE-9023-67FB586DA902}.Ad-Hoc|iPhoneSimulator.ActiveCfg = Release|x86
		{53575829-A4D6-4ABE-9023-67FB586DA902}.Ad-Hoc|iPhoneSimulator.Build.0 = Release|x86
		{53575829-A4D6-4ABE-9023-67FB586DA902}.Ad-Hoc|iPhoneSimulator.Deploy.0 = Release|x86
		{53575829-A4D6-4ABE-9023-67FB586DA902}.Ad-Hoc|x64.ActiveCfg = Release|x64
		{53575829-A4D6-4ABE-9023-67FB586DA902}.Ad-Hoc|x64.Build.0 = Release|x64
		{53575829-A4D6-4ABE-9023-67FB586DA902}.Ad-Hoc|x64.Deploy.0 = Release|x64
		{53575829-A4D6-4ABE-9023-67FB586DA902}.Ad-Hoc|x86.ActiveCfg = Release|x86
		{53575829-A4D6-4ABE-9023-67FB586DA902}.Ad-Hoc|x86.Build.0 = Release|x86
		{53575829-A4D6-4ABE-9023-67FB586DA902}.Ad-Hoc|x86.Deploy.0 = Release|x86
		{53575829-A4D6-4ABE-9023-67FB586DA902}.AppStore|Any CPU.ActiveCfg = Release|x86
		{53575829-A4D6-4ABE-9023-67FB586DA902}.AppStore|Any CPU.Build.0 = Release|x86
		{53575829-A4D6-4ABE-9023-67FB586DA902}.AppStore|Any CPU.Deploy.0 = Release|x86
		{53575829-A4D6-4ABE-9023-67FB586DA902}.AppStore|ARM.ActiveCfg = Release|ARM
		{53575829-A4D6-4ABE-9023-67FB586DA902}.AppStore|ARM.Build.0 = Release|ARM
		{53575829-A4D6-4ABE-9023-67FB586DA902}.AppStore|ARM.Deploy.0 = Release|ARM
		{53575829-A4D6-4ABE-9023-67FB586DA902}.AppStore|iPhone.ActiveCfg = Release|x86
		{53575829-A4D6-4ABE-9023-67FB586DA902}.AppStore|iPhone.Build.0 = Release|x86
		{53575829-A4D6-4ABE-9023-67FB586DA902}.AppStore|iPhone.Deploy.0 = Release|x86
		{53575829-A4D6-4ABE-9023-67FB586DA902}.AppStore|iPhoneSimulator.ActiveCfg = Release|x86
		{53575829-A4D6-4ABE-9023-67FB586DA902}.AppStore|iPhoneSimulator.Build.0 = Release|x86
		{53575829-A4D6-4ABE-9023-67FB586DA902}.AppStore|iPhoneSimulator.Deploy.0 = Release|x86
		{53575829-A4D6-4ABE-9023-67FB586DA902}.AppStore|x64.ActiveCfg = Release|x64
		{53575829-A4D6-4ABE-9023-67FB586DA902}.AppStore|x64.Build.0 = Release|x64
		{53575829-A4D6-4ABE-9023-67FB586DA902}.AppStore|x64.Deploy.0 = Release|x64
		{53575829-A4D6-4ABE-9023-67FB586DA902}.AppStore|x86.ActiveCfg = Release|x86
		{53575829-A4D6-4ABE-9023-67FB586DA902}.AppStore|x86.Build.0 = Release|x86
		{53575829-A4D6-4ABE-9023-67FB586DA902}.AppStore|x86.Deploy.0 = Release|x86
		{53575829-A4D6-4ABE-9023-67FB586DA902}.Debug|Any CPU.ActiveCfg = Debug|x86
		{53575829-A4D6-4ABE-9023-67FB586DA902}.Debug|ARM.ActiveCfg = Debug|ARM
		{53575829-A4D6-4ABE-9023-67FB586DA902}.Debug|ARM.Build.0 = Debug|ARM
		{53575829-A4D6-4ABE-9023-67FB586DA902}.Debug|ARM.Deploy.0 = Debug|ARM
		{53575829-A4D6-4ABE-9023-67FB586DA902}.Debug|iPhone.ActiveCfg = Debug|x86
		{53575829-A4D6-4ABE-9023-67FB586DA902}.Debug|iPhoneSimulator.ActiveCfg = Debug|x86
		{53575829-A4D6-4ABE-9023-67FB586DA902}.Debug|x64.ActiveCfg = Debug|x64
		{53575829-A4D6-4ABE-9023-67FB586DA902}.Debug|x64.Build.0 = Debug|x64
		{53575829-A4D6-4ABE-9023-67FB586DA902}.Debug|x64.Deploy.0 = Debug|x64
		{53575829-A4D6-4ABE-9023-67FB586DA902}.Debug|x86.ActiveCfg = Debug|x86
		{53575829-A4D6-4ABE-9023-67FB586DA902}.Debug|x86.Build.0 = Debug|x86
		{53575829-A4D6-4ABE-9023-67FB586DA902}.Debug|x86.Deploy.0 = Debug|x86
		{53575829-A4D6-4ABE-9023-67FB586DA902}.Release|Any CPU.ActiveCfg = Release|x86
		{53575829-A4D6-4ABE-9023-67FB586DA902}.Release|ARM.ActiveCfg = Release|ARM
		{53575829-A4D6-4ABE-9023-67FB586DA902}.Release|ARM.Build.0 = Release|ARM
		{53575829-A4D6-4ABE-9023-67FB586DA902}.Release|ARM.Deploy.0 = Release|ARM
		{53575829-A4D6-4ABE-9023-67FB586DA902}.Release|iPhone.ActiveCfg = Release|x86
		{53575829-A4D6-4ABE-9023-67FB586DA902}.Release|iPhoneSimulator.ActiveCfg = Release|x86
		{53575829-A4D6-4ABE-9023-67FB586DA902}.Release|x64.ActiveCfg = Release|x64
		{53575829-A4D6-4ABE-9023-67FB586DA902}.Release|x64.Build.0 = Release|x64
		{53575829-A4D6-4ABE-9023-67FB586DA902}.Release|x64.Deploy.0 = Release|x64
		{53575829-A4D6-4ABE-9023-67FB586DA902}.Release|x86.ActiveCfg = Release|x86
		{53575829-A4D6-4ABE-9023-67FB586DA902}.Release|x86.Build.0 = Release|x86
		{53575829-A4D6-4ABE-9023-67FB586DA902}.Release|x86.Deploy.0 = Release|x86
		{6BDB7556-298B-4A4D-B2AF-824F648243DC}.Ad-Hoc|Any CPU.ActiveCfg = Ad-Hoc|iPhone
		{6BDB7556-298B-4A4D-B2AF-824F648243DC}.Ad-Hoc|ARM.ActiveCfg = Ad-Hoc|iPhone
		{6BDB7556-298B-4A4D-B2AF-824F648243DC}.Ad-Hoc|iPhone.ActiveCfg = Ad-Hoc|iPhone
		{6BDB7556-298B-4A4D-B2AF-824F648243DC}.Ad-Hoc|iPhone.Build.0 = Ad-Hoc|iPhone
		{6BDB7556-298B-4A4D-B2AF-824F648243DC}.Ad-Hoc|iPhoneSimulator.ActiveCfg = Ad-Hoc|iPhoneSimulator
		{6BDB7556-298B-4A4D-B2AF-824F648243DC}.Ad-Hoc|iPhoneSimulator.Build.0 = Ad-Hoc|iPhoneSimulator
		{6BDB7556-298B-4A4D-B2AF-824F648243DC}.Ad-Hoc|x64.ActiveCfg = Ad-Hoc|iPhone
		{6BDB7556-298B-4A4D-B2AF-824F648243DC}.Ad-Hoc|x86.ActiveCfg = Ad-Hoc|iPhone
		{6BDB7556-298B-4A4D-B2AF-824F648243DC}.AppStore|Any CPU.ActiveCfg = AppStore|iPhone
		{6BDB7556-298B-4A4D-B2AF-824F648243DC}.AppStore|ARM.ActiveCfg = AppStore|iPhone
		{6BDB7556-298B-4A4D-B2AF-824F648243DC}.AppStore|iPhone.ActiveCfg = AppStore|iPhone
		{6BDB7556-298B-4A4D-B2AF-824F648243DC}.AppStore|iPhone.Build.0 = AppStore|iPhone
		{6BDB7556-298B-4A4D-B2AF-824F648243DC}.AppStore|iPhoneSimulator.ActiveCfg = AppStore|iPhoneSimulator
		{6BDB7556-298B-4A4D-B2AF-824F648243DC}.AppStore|iPhoneSimulator.Build.0 = AppStore|iPhoneSimulator
		{6BDB7556-298B-4A4D-B2AF-824F648243DC}.AppStore|x64.ActiveCfg = AppStore|iPhone
		{6BDB7556-298B-4A4D-B2AF-824F648243DC}.AppStore|x86.ActiveCfg = AppStore|iPhone
		{6BDB7556-298B-4A4D-B2AF-824F648243DC}.Debug|Any CPU.ActiveCfg = Debug|iPhone
		{6BDB7556-298B-4A4D-B2AF-824F648243DC}.Debug|ARM.ActiveCfg = Debug|iPhone
		{6BDB7556-298B-4A4D-B2AF-824F648243DC}.Debug|iPhone.ActiveCfg = Debug|iPhone
		{6BDB7556-298B-4A4D-B2AF-824F648243DC}.Debug|iPhone.Build.0 = Debug|iPhone
		{6BDB7556-298B-4A4D-B2AF-824F648243DC}.Debug|iPhoneSimulator.ActiveCfg = Debug|iPhoneSimulator
		{6BDB7556-298B-4A4D-B2AF-824F648243DC}.Debug|iPhoneSimulator.Build.0 = Debug|iPhoneSimulator
		{6BDB7556-298B-4A4D-B2AF-824F648243DC}.Debug|x64.ActiveCfg = Debug|iPhone
		{6BDB7556-298B-4A4D-B2AF-824F648243DC}.Debug|x86.ActiveCfg = Debug|iPhone
		{6BDB7556-298B-4A4D-B2AF-824F648243DC}.Release|Any CPU.ActiveCfg = Release|iPhone
		{6BDB7556-298B-4A4D-B2AF-824F648243DC}.Release|ARM.ActiveCfg = Release|iPhone
		{6BDB7556-298B-4A4D-B2AF-824F648243DC}.Release|iPhone.ActiveCfg = Release|iPhone
		{6BDB7556-298B-4A4D-B2AF-824F648243DC}.Release|iPhone.Build.0 = Release|iPhone
		{6BDB7556-298B-4A4D-B2AF-824F648243DC}.Release|iPhoneSimulator.ActiveCfg = Release|iPhoneSimulator
		{6BDB7556-298B-4A4D-B2AF-824F648243DC}.Release|iPhoneSimulator.Build.0 = Release|iPhoneSimulator
		{6BDB7556-298B-4A4D-B2AF-824F648243DC}.Release|x64.ActiveCfg = Release|iPhone
		{6BDB7556-298B-4A4D-B2AF-824F648243DC}.Release|x86.ActiveCfg = Release|iPhone
	EndGlobalSection
	GlobalSection(SolutionProperties) = preSolution
		HideSolutionNode = FALSE
	EndGlobalSection
EndGlobal
